{
  "version": 4,
  "terraform_version": "1.12.2",
  "serial": 29,
  "lineage": "5f1d6b49-6cf7-b4f4-ffcb-78e059f2218e",
  "outputs": {},
  "resources": [
    {
      "mode": "data",
      "type": "oci_objectstorage_namespace",
      "name": "ns",
      "provider": "provider[\"registry.terraform.io/oracle/oci\"]",
      "instances": [
        {
          "schema_version": 0,
          "attributes": {
            "compartment_id": null,
            "id": "ObjectStorageNamespaceDataSource-0",
            "namespace": "lrfakfuzhnu1"
          },
          "sensitive_attributes": [],
          "identity_schema_version": 0
        }
      ]
    },
    {
      "mode": "managed",
      "type": "oci_core_instance",
      "name": "bastion",
      "provider": "provider[\"registry.terraform.io/oracle/oci\"]",
      "instances": [
        {
          "schema_version": 0,
          "attributes": {
            "agent_config": [
              {
                "are_all_plugins_disabled": false,
                "is_management_disabled": false,
                "is_monitoring_disabled": false,
                "plugins_config": []
              }
            ],
            "async": null,
            "availability_config": [
              {
                "is_live_migration_preferred": false,
                "recovery_action": "RESTORE_INSTANCE"
              }
            ],
            "availability_domain": "fGJS:UK-LONDON-1-AD-2",
            "boot_volume_id": "ocid1.bootvolume.oc1.uk-london-1.abwgiljs4aimwkuyzrwkyu7il6lz2y7fu2aiwf5f72cz6eei3r47hxvbbylq",
            "capacity_reservation_id": null,
            "cluster_placement_group_id": null,
            "compartment_id": "ocid1.tenancy.oc1..aaaaaaaaliearqd2xqtld66ub5bxn24dkeangasirqjsgucduzerqvgndaxa",
            "compute_cluster_id": null,
            "create_vnic_details": [
              {
                "assign_ipv6ip": false,
                "assign_private_dns_record": false,
                "assign_public_ip": "true",
                "defined_tags": {
                  "Oracle-Tags.CreatedBy": "default/vkattamudi88@gmail.com",
                  "Oracle-Tags.CreatedOn": "2025-06-26T18:44:11.319Z"
                },
                "display_name": "bastion-instance",
                "freeform_tags": {},
                "hostname_label": "",
                "ipv6address_ipv6subnet_cidr_pair_details": [],
                "nsg_ids": [],
                "private_ip": "10.0.1.41",
                "security_attributes": {},
                "skip_source_dest_check": false,
                "subnet_id": "ocid1.subnet.oc1.uk-london-1.aaaaaaaaqenbpozez7tywbcxlgrad5ztrudxep6ltcncmympcd4gychshpda",
                "vlan_id": ""
              }
            ],
            "dedicated_vm_host_id": null,
            "defined_tags": {
              "Oracle-Tags.CreatedBy": "default/vkattamudi88@gmail.com",
              "Oracle-Tags.CreatedOn": "2025-06-26T18:44:11.217Z"
            },
            "display_name": "bastion-instance",
            "extended_metadata": {},
            "fault_domain": "FAULT-DOMAIN-3",
            "freeform_tags": {},
            "hostname_label": "",
            "id": "ocid1.instance.oc1.uk-london-1.anwgiljswbkkgpqct3toxuslinaehgiz5q4d6vuramm43v3usrfvxlxye27a",
            "image": "ocid1.image.oc1.uk-london-1.aaaaaaaa3rygccfubatxnmx2ccg66wty5drzo4vux3bvkkjoy2guc5xssaqa",
            "instance_configuration_id": null,
            "instance_options": [
              {
                "are_legacy_imds_endpoints_disabled": false
              }
            ],
            "ipxe_script": null,
            "is_cross_numa_node": false,
            "is_pv_encryption_in_transit_enabled": null,
            "launch_mode": "PARAVIRTUALIZED",
            "launch_options": [
              {
                "boot_volume_type": "PARAVIRTUALIZED",
                "firmware": "UEFI_64",
                "is_consistent_volume_naming_enabled": true,
                "is_pv_encryption_in_transit_enabled": false,
                "network_type": "PARAVIRTUALIZED",
                "remote_data_volume_type": "PARAVIRTUALIZED"
              }
            ],
            "launch_volume_attachments": null,
            "licensing_configs": [],
            "metadata": {
              "ssh_authorized_keys": "ssh-rsa AAAAB3NzaC1yc2EAAAADAQABAAACAQCkZMypK88d3gmQjfgGQQl4L+NHrjqgdhwQ2tM581euQLfHs/qdzIi4DLWwK3x4lrmZYjx2MBwonZR4ykymtT7gvqfD08fsTCyKJlAtvpwAPJBKm+Jc2RUhrBFyNCTzM5bIaWjDFvEooeE0svlGr+f0QI0s1n40+QLOwtQszPOgReYTYr2c09qP/oGuJHo6pvC1EZ7vjW22+ktstAsM/4gq4Z2/FoDA+2WZDNUSxMI7X1JMvzH6fnshSSfVF2yVE99+G/ynhwG8fEIOhkcrQZkRzWpwNvCNTCzyRg7h3tyoxbH+ktYKQTrqZDqhau55EL7n0kPqG7XjZjUCUkMpiMAbsYz5PGtRCj+Et1hBW477ZgbqRhO2aLvO1X5RA+hliEi7YgX6e0U/fChDWqkWzMp8f92M8nandzgkzNb37APkGKSAQ2zY3hPdlGif/2nQeI98DYC6mgrLsUUpKolwFPBHsI8EiAgwXo6eNgEzFMpogYTCGdMvrGM2IuNVq1ppvxu+Yd7DiHpUTn7h5PoqxUp7VmlB2IJMYJmkL/WL6VLQsMacRD7JC4k8plcO202fqkuiTlITFUinha5bPgcG7DWAdf9NgvnQYsWiwgqw7DLvb6oq/ogOX5odPkCjvw4dHeZyCNcOMTTr9QF/eh3GlMFrZrmZoG6dgBrpfADZpIZtfw== vkatt@LAPTOP-JH7KVNLC"
            },
            "placement_constraint_details": [],
            "platform_config": [],
            "preemptible_instance_config": [],
            "preserve_boot_volume": null,
            "preserve_data_volumes_created_at_launch": null,
            "private_ip": "10.0.1.41",
            "public_ip": "132.145.45.134",
            "region": "uk-london-1",
            "security_attributes": {},
            "security_attributes_state": "STABLE",
            "shape": "VM.Standard.E5.Flex",
            "shape_config": [
              {
                "baseline_ocpu_utilization": "",
                "gpu_description": "",
                "gpus": 0,
                "local_disk_description": "",
                "local_disks": 0,
                "local_disks_total_size_in_gbs": 0,
                "max_vnic_attachments": 2,
                "memory_in_gbs": 6,
                "networking_bandwidth_in_gbps": 1,
                "nvmes": 0,
                "ocpus": 1,
                "processor_description": "2.3 GHz AMD EPYC™ 9J14 (Genoa)",
                "vcpus": 2
              }
            ],
            "source_details": [
              {
                "boot_volume_size_in_gbs": "47",
                "boot_volume_vpus_per_gb": "10",
                "instance_source_image_filter_details": [],
                "is_preserve_boot_volume_enabled": false,
                "kms_key_id": "",
                "source_id": "ocid1.image.oc1.uk-london-1.aaaaaaaa3rygccfubatxnmx2ccg66wty5drzo4vux3bvkkjoy2guc5xssaqa",
                "source_type": "image"
              }
            ],
            "state": "RUNNING",
            "subnet_id": "ocid1.subnet.oc1.uk-london-1.aaaaaaaaqenbpozez7tywbcxlgrad5ztrudxep6ltcncmympcd4gychshpda",
            "system_tags": {},
            "time_created": "2025-06-26 18:44:11.687 +0000 UTC",
            "time_maintenance_reboot_due": "",
            "timeouts": null,
            "update_operation_constraint": null
          },
          "sensitive_attributes": [],
          "identity_schema_version": 0,
          "private": "eyJlMmJmYjczMC1lY2FhLTExZTYtOGY4OC0zNDM2M2JjN2M0YzAiOnsiY3JlYXRlIjoyNzAwMDAwMDAwMDAwLCJkZWxldGUiOjQ1MDAwMDAwMDAwMDAsInVwZGF0ZSI6MjcwMDAwMDAwMDAwMH19",
          "dependencies": [
            "oci_core_internet_gateway.igw",
            "oci_core_route_table.rt",
            "oci_core_security_list.sec_list",
            "oci_core_subnet.public_subnet",
            "oci_core_virtual_network.vcn"
          ]
        }
      ]
    },
    {
      "mode": "managed",
      "type": "oci_core_instance",
      "name": "private_instance",
      "provider": "provider[\"registry.terraform.io/oracle/oci\"]",
      "instances": [
        {
          "schema_version": 0,
          "attributes": {
            "agent_config": [
              {
                "are_all_plugins_disabled": false,
                "is_management_disabled": false,
                "is_monitoring_disabled": false,
                "plugins_config": []
              }
            ],
            "async": null,
            "availability_config": [
              {
                "is_live_migration_preferred": false,
                "recovery_action": "RESTORE_INSTANCE"
              }
            ],
            "availability_domain": "fGJS:UK-LONDON-1-AD-2",
            "boot_volume_id": "ocid1.bootvolume.oc1.uk-london-1.abwgiljsjpj6x4bzimxp7ewg3c2foyzhyyti2lfi5ipyj7kifyrpcbmsrazq",
            "capacity_reservation_id": null,
            "cluster_placement_group_id": null,
            "compartment_id": "ocid1.tenancy.oc1..aaaaaaaaliearqd2xqtld66ub5bxn24dkeangasirqjsgucduzerqvgndaxa",
            "compute_cluster_id": null,
            "create_vnic_details": [
              {
                "assign_ipv6ip": false,
                "assign_private_dns_record": false,
                "assign_public_ip": "false",
                "defined_tags": {
                  "Oracle-Tags.CreatedBy": "default/vkattamudi88@gmail.com",
                  "Oracle-Tags.CreatedOn": "2025-06-26T18:44:11.319Z"
                },
                "display_name": "private-instance",
                "freeform_tags": {},
                "hostname_label": "",
                "ipv6address_ipv6subnet_cidr_pair_details": [],
                "nsg_ids": [],
                "private_ip": "10.0.2.180",
                "security_attributes": {},
                "skip_source_dest_check": false,
                "subnet_id": "ocid1.subnet.oc1.uk-london-1.aaaaaaaakmpm2lbtg2e2u3c3rwgles4sjwxjwenxylds324336uvozioazzq",
                "vlan_id": ""
              }
            ],
            "dedicated_vm_host_id": null,
            "defined_tags": {
              "Oracle-Tags.CreatedBy": "default/vkattamudi88@gmail.com",
              "Oracle-Tags.CreatedOn": "2025-06-26T18:44:11.217Z"
            },
            "display_name": "private-instance",
            "extended_metadata": {},
            "fault_domain": "FAULT-DOMAIN-3",
            "freeform_tags": {},
            "hostname_label": "",
            "id": "ocid1.instance.oc1.uk-london-1.anwgiljswbkkgpqcoxkx7vkbdocqwvzxxdccmbpnoejughbphb6hfbbsxqsa",
            "image": "ocid1.image.oc1.uk-london-1.aaaaaaaa3rygccfubatxnmx2ccg66wty5drzo4vux3bvkkjoy2guc5xssaqa",
            "instance_configuration_id": null,
            "instance_options": [
              {
                "are_legacy_imds_endpoints_disabled": false
              }
            ],
            "ipxe_script": null,
            "is_cross_numa_node": false,
            "is_pv_encryption_in_transit_enabled": null,
            "launch_mode": "PARAVIRTUALIZED",
            "launch_options": [
              {
                "boot_volume_type": "PARAVIRTUALIZED",
                "firmware": "UEFI_64",
                "is_consistent_volume_naming_enabled": true,
                "is_pv_encryption_in_transit_enabled": false,
                "network_type": "PARAVIRTUALIZED",
                "remote_data_volume_type": "PARAVIRTUALIZED"
              }
            ],
            "launch_volume_attachments": null,
            "licensing_configs": [],
            "metadata": {
              "ssh_authorized_keys": "ssh-rsa AAAAB3NzaC1yc2EAAAADAQABAAACAQCkZMypK88d3gmQjfgGQQl4L+NHrjqgdhwQ2tM581euQLfHs/qdzIi4DLWwK3x4lrmZYjx2MBwonZR4ykymtT7gvqfD08fsTCyKJlAtvpwAPJBKm+Jc2RUhrBFyNCTzM5bIaWjDFvEooeE0svlGr+f0QI0s1n40+QLOwtQszPOgReYTYr2c09qP/oGuJHo6pvC1EZ7vjW22+ktstAsM/4gq4Z2/FoDA+2WZDNUSxMI7X1JMvzH6fnshSSfVF2yVE99+G/ynhwG8fEIOhkcrQZkRzWpwNvCNTCzyRg7h3tyoxbH+ktYKQTrqZDqhau55EL7n0kPqG7XjZjUCUkMpiMAbsYz5PGtRCj+Et1hBW477ZgbqRhO2aLvO1X5RA+hliEi7YgX6e0U/fChDWqkWzMp8f92M8nandzgkzNb37APkGKSAQ2zY3hPdlGif/2nQeI98DYC6mgrLsUUpKolwFPBHsI8EiAgwXo6eNgEzFMpogYTCGdMvrGM2IuNVq1ppvxu+Yd7DiHpUTn7h5PoqxUp7VmlB2IJMYJmkL/WL6VLQsMacRD7JC4k8plcO202fqkuiTlITFUinha5bPgcG7DWAdf9NgvnQYsWiwgqw7DLvb6oq/ogOX5odPkCjvw4dHeZyCNcOMTTr9QF/eh3GlMFrZrmZoG6dgBrpfADZpIZtfw== vkatt@LAPTOP-JH7KVNLC"
            },
            "placement_constraint_details": [],
            "platform_config": [],
            "preemptible_instance_config": [],
            "preserve_boot_volume": null,
            "preserve_data_volumes_created_at_launch": null,
            "private_ip": "10.0.2.180",
            "public_ip": "",
            "region": "uk-london-1",
            "security_attributes": {},
            "security_attributes_state": "STABLE",
            "shape": "VM.Standard.E5.Flex",
            "shape_config": [
              {
                "baseline_ocpu_utilization": "",
                "gpu_description": "",
                "gpus": 0,
                "local_disk_description": "",
                "local_disks": 0,
                "local_disks_total_size_in_gbs": 0,
                "max_vnic_attachments": 2,
                "memory_in_gbs": 6,
                "networking_bandwidth_in_gbps": 1,
                "nvmes": 0,
                "ocpus": 1,
                "processor_description": "2.3 GHz AMD EPYC™ 9J14 (Genoa)",
                "vcpus": 2
              }
            ],
            "source_details": [
              {
                "boot_volume_size_in_gbs": "47",
                "boot_volume_vpus_per_gb": "10",
                "instance_source_image_filter_details": [],
                "is_preserve_boot_volume_enabled": false,
                "kms_key_id": "",
                "source_id": "ocid1.image.oc1.uk-london-1.aaaaaaaa3rygccfubatxnmx2ccg66wty5drzo4vux3bvkkjoy2guc5xssaqa",
                "source_type": "image"
              }
            ],
            "state": "RUNNING",
            "subnet_id": "ocid1.subnet.oc1.uk-london-1.aaaaaaaakmpm2lbtg2e2u3c3rwgles4sjwxjwenxylds324336uvozioazzq",
            "system_tags": {},
            "time_created": "2025-06-26 18:44:12.073 +0000 UTC",
            "time_maintenance_reboot_due": "",
            "timeouts": null,
            "update_operation_constraint": null
          },
          "sensitive_attributes": [],
          "identity_schema_version": 0,
          "private": "eyJlMmJmYjczMC1lY2FhLTExZTYtOGY4OC0zNDM2M2JjN2M0YzAiOnsiY3JlYXRlIjoyNzAwMDAwMDAwMDAwLCJkZWxldGUiOjQ1MDAwMDAwMDAwMDAsInVwZGF0ZSI6MjcwMDAwMDAwMDAwMH19",
          "dependencies": [
            "oci_core_nat_gateway.nat",
            "oci_core_route_table.private_rt",
            "oci_core_security_list.sec_list",
            "oci_core_subnet.private_subnet",
            "oci_core_virtual_network.vcn"
          ]
        }
      ]
    },
    {
      "mode": "managed",
      "type": "oci_core_internet_gateway",
      "name": "igw",
      "provider": "provider[\"registry.terraform.io/oracle/oci\"]",
      "instances": [
        {
          "schema_version": 0,
          "attributes": {
            "compartment_id": "ocid1.tenancy.oc1..aaaaaaaaliearqd2xqtld66ub5bxn24dkeangasirqjsgucduzerqvgndaxa",
            "defined_tags": {
              "Oracle-Tags.CreatedBy": "default/vkattamudi88@gmail.com",
              "Oracle-Tags.CreatedOn": "2025-06-26T18:44:08.104Z"
            },
            "display_name": "IGW-demo",
            "enabled": true,
            "freeform_tags": {},
            "id": "ocid1.internetgateway.oc1.uk-london-1.aaaaaaaadllfc7j7kri4ekuigwfemuyn3lyrhidlqb3jzoq56icbsarw5nfa",
            "route_table_id": null,
            "state": "AVAILABLE",
            "time_created": "2025-06-26 18:44:08.143 +0000 UTC",
            "timeouts": null,
            "vcn_id": "ocid1.vcn.oc1.uk-london-1.amaaaaaawbkkgpqa2nwfe6z7h7ctmw4tkana6xg6qdco2s2z7fzyop4ex66a"
          },
          "sensitive_attributes": [],
          "identity_schema_version": 0,
          "private": "eyJlMmJmYjczMC1lY2FhLTExZTYtOGY4OC0zNDM2M2JjN2M0YzAiOnsiY3JlYXRlIjoxMjAwMDAwMDAwMDAwLCJkZWxldGUiOjEyMDAwMDAwMDAwMDAsInVwZGF0ZSI6MTIwMDAwMDAwMDAwMH19",
          "dependencies": [
            "oci_core_virtual_network.vcn"
          ]
        }
      ]
    },
    {
      "mode": "managed",
      "type": "oci_core_nat_gateway",
      "name": "nat",
      "provider": "provider[\"registry.terraform.io/oracle/oci\"]",
      "instances": [
        {
          "schema_version": 0,
          "attributes": {
            "block_traffic": false,
            "compartment_id": "ocid1.tenancy.oc1..aaaaaaaaliearqd2xqtld66ub5bxn24dkeangasirqjsgucduzerqvgndaxa",
            "defined_tags": {
              "Oracle-Tags.CreatedBy": "default/vkattamudi88@gmail.com",
              "Oracle-Tags.CreatedOn": "2025-06-26T18:44:08.074Z"
            },
            "display_name": "nat-gateway-demo",
            "freeform_tags": {},
            "id": "ocid1.natgateway.oc1.uk-london-1.aaaaaaaa6b7wlwepqwtr2v6eyctgcolzegwtsqdexpepvj4lsr3dfbkcyyva",
            "nat_ip": "143.47.241.245",
            "public_ip_id": "ocid1.publicip.oc1.uk-london-1.aaaaaaaak4x6kl6lgmoejza6ewqwnczzpposat5zsfmukjwhz3fhoj7b5eqa",
            "route_table_id": null,
            "state": "AVAILABLE",
            "time_created": "2025-06-26 18:44:08.253 +0000 UTC",
            "timeouts": null,
            "vcn_id": "ocid1.vcn.oc1.uk-london-1.amaaaaaawbkkgpqa2nwfe6z7h7ctmw4tkana6xg6qdco2s2z7fzyop4ex66a"
          },
          "sensitive_attributes": [],
          "identity_schema_version": 0,
          "private": "eyJlMmJmYjczMC1lY2FhLTExZTYtOGY4OC0zNDM2M2JjN2M0YzAiOnsiY3JlYXRlIjoxMjAwMDAwMDAwMDAwLCJkZWxldGUiOjEyMDAwMDAwMDAwMDAsInVwZGF0ZSI6MTIwMDAwMDAwMDAwMH19",
          "dependencies": [
            "oci_core_virtual_network.vcn"
          ]
        }
      ]
    },
    {
      "mode": "managed",
      "type": "oci_core_route_table",
      "name": "private_rt",
      "provider": "provider[\"registry.terraform.io/oracle/oci\"]",
      "instances": [
        {
          "schema_version": 0,
          "attributes": {
            "compartment_id": "ocid1.tenancy.oc1..aaaaaaaaliearqd2xqtld66ub5bxn24dkeangasirqjsgucduzerqvgndaxa",
            "defined_tags": {
              "Oracle-Tags.CreatedBy": "default/vkattamudi88@gmail.com",
              "Oracle-Tags.CreatedOn": "2025-06-26T18:44:09.032Z"
            },
            "display_name": "private-route-table",
            "freeform_tags": {},
            "id": "ocid1.routetable.oc1.uk-london-1.aaaaaaaat5p3jjo5d6p6xzpmc73mxdvnreg5hyua6fr52tplxl6akifbjxra",
            "route_rules": [
              {
                "cidr_block": "",
                "description": "",
                "destination": "0.0.0.0/0",
                "destination_type": "CIDR_BLOCK",
                "network_entity_id": "ocid1.natgateway.oc1.uk-london-1.aaaaaaaa6b7wlwepqwtr2v6eyctgcolzegwtsqdexpepvj4lsr3dfbkcyyva",
                "route_type": ""
              }
            ],
            "state": "AVAILABLE",
            "time_created": "2025-06-26 18:44:09.057 +0000 UTC",
            "timeouts": null,
            "vcn_id": "ocid1.vcn.oc1.uk-london-1.amaaaaaawbkkgpqa2nwfe6z7h7ctmw4tkana6xg6qdco2s2z7fzyop4ex66a"
          },
          "sensitive_attributes": [],
          "identity_schema_version": 0,
          "private": "eyJlMmJmYjczMC1lY2FhLTExZTYtOGY4OC0zNDM2M2JjN2M0YzAiOnsiY3JlYXRlIjoxMjAwMDAwMDAwMDAwLCJkZWxldGUiOjEyMDAwMDAwMDAwMDAsInVwZGF0ZSI6MTIwMDAwMDAwMDAwMH19",
          "dependencies": [
            "oci_core_nat_gateway.nat",
            "oci_core_virtual_network.vcn"
          ]
        }
      ]
    },
    {
      "mode": "managed",
      "type": "oci_core_route_table",
      "name": "rt",
      "provider": "provider[\"registry.terraform.io/oracle/oci\"]",
      "instances": [
        {
          "schema_version": 0,
          "attributes": {
            "compartment_id": "ocid1.tenancy.oc1..aaaaaaaaliearqd2xqtld66ub5bxn24dkeangasirqjsgucduzerqvgndaxa",
            "defined_tags": {
              "Oracle-Tags.CreatedBy": "default/vkattamudi88@gmail.com",
              "Oracle-Tags.CreatedOn": "2025-06-26T18:44:08.566Z"
            },
            "display_name": "route-table-demo",
            "freeform_tags": {},
            "id": "ocid1.routetable.oc1.uk-london-1.aaaaaaaaxmanll5flg6dtqeq5yu5eo6ol7oqhoi2zkul35kwmogvqrf27viq",
            "route_rules": [
              {
                "cidr_block": "",
                "description": "",
                "destination": "0.0.0.0/0",
                "destination_type": "CIDR_BLOCK",
                "network_entity_id": "ocid1.internetgateway.oc1.uk-london-1.aaaaaaaadllfc7j7kri4ekuigwfemuyn3lyrhidlqb3jzoq56icbsarw5nfa",
                "route_type": ""
              }
            ],
            "state": "AVAILABLE",
            "time_created": "2025-06-26 18:44:08.583 +0000 UTC",
            "timeouts": null,
            "vcn_id": "ocid1.vcn.oc1.uk-london-1.amaaaaaawbkkgpqa2nwfe6z7h7ctmw4tkana6xg6qdco2s2z7fzyop4ex66a"
          },
          "sensitive_attributes": [],
          "identity_schema_version": 0,
          "private": "eyJlMmJmYjczMC1lY2FhLTExZTYtOGY4OC0zNDM2M2JjN2M0YzAiOnsiY3JlYXRlIjoxMjAwMDAwMDAwMDAwLCJkZWxldGUiOjEyMDAwMDAwMDAwMDAsInVwZGF0ZSI6MTIwMDAwMDAwMDAwMH19",
          "dependencies": [
            "oci_core_internet_gateway.igw",
            "oci_core_virtual_network.vcn"
          ]
        }
      ]
    },
    {
      "mode": "managed",
      "type": "oci_core_security_list",
      "name": "sec_list",
      "provider": "provider[\"registry.terraform.io/oracle/oci\"]",
      "instances": [
        {
          "schema_version": 0,
          "attributes": {
            "compartment_id": "ocid1.tenancy.oc1..aaaaaaaaliearqd2xqtld66ub5bxn24dkeangasirqjsgucduzerqvgndaxa",
            "defined_tags": {
              "Oracle-Tags.CreatedBy": "default/vkattamudi88@gmail.com",
              "Oracle-Tags.CreatedOn": "2025-06-26T18:44:08.109Z"
            },
            "display_name": "allow-ssh-demo",
            "egress_security_rules": [
              {
                "description": "",
                "destination": "0.0.0.0/0",
                "destination_type": "CIDR_BLOCK",
                "icmp_options": [],
                "protocol": "all",
                "stateless": false,
                "tcp_options": [],
                "udp_options": []
              }
            ],
            "freeform_tags": {},
            "id": "ocid1.securitylist.oc1.uk-london-1.aaaaaaaarruksmbynj5kilrsrtpc2s67nnogvcqulctlm7774lohjlivpnvq",
            "ingress_security_rules": [
              {
                "description": "",
                "icmp_options": [],
                "protocol": "6",
                "source": "0.0.0.0/0",
                "source_type": "CIDR_BLOCK",
                "stateless": false,
                "tcp_options": [
                  {
                    "max": 22,
                    "min": 22,
                    "source_port_range": []
                  }
                ],
                "udp_options": []
              }
            ],
            "state": "AVAILABLE",
            "time_created": "2025-06-26 18:44:08.139 +0000 UTC",
            "timeouts": null,
            "vcn_id": "ocid1.vcn.oc1.uk-london-1.amaaaaaawbkkgpqa2nwfe6z7h7ctmw4tkana6xg6qdco2s2z7fzyop4ex66a"
          },
          "sensitive_attributes": [],
          "identity_schema_version": 0,
          "private": "eyJlMmJmYjczMC1lY2FhLTExZTYtOGY4OC0zNDM2M2JjN2M0YzAiOnsiY3JlYXRlIjoxMjAwMDAwMDAwMDAwLCJkZWxldGUiOjEyMDAwMDAwMDAwMDAsInVwZGF0ZSI6MTIwMDAwMDAwMDAwMH19",
          "dependencies": [
            "oci_core_virtual_network.vcn"
          ]
        }
      ]
    },
    {
      "mode": "managed",
      "type": "oci_core_subnet",
      "name": "private_subnet",
      "provider": "provider[\"registry.terraform.io/oracle/oci\"]",
      "instances": [
        {
          "schema_version": 0,
          "attributes": {
            "availability_domain": "fGJS:UK-LONDON-1-AD-2",
            "cidr_block": "10.0.2.0/24",
            "compartment_id": "ocid1.tenancy.oc1..aaaaaaaaliearqd2xqtld66ub5bxn24dkeangasirqjsgucduzerqvgndaxa",
            "defined_tags": {
              "Oracle-Tags.CreatedBy": "default/vkattamudi88@gmail.com",
              "Oracle-Tags.CreatedOn": "2025-06-26T18:44:08.997Z"
            },
            "dhcp_options_id": "ocid1.dhcpoptions.oc1.uk-london-1.aaaaaaaaxir6a7df7feerezvxtbymqjyjsdomtnpr62pfx4jnlngs3w64e3a",
            "display_name": "private-subnet-demo",
            "dns_label": null,
            "freeform_tags": {},
            "id": "ocid1.subnet.oc1.uk-london-1.aaaaaaaakmpm2lbtg2e2u3c3rwgles4sjwxjwenxylds324336uvozioazzq",
            "ipv6cidr_block": null,
            "ipv6cidr_blocks": [],
            "ipv6virtual_router_ip": null,
            "prohibit_internet_ingress": true,
            "prohibit_public_ip_on_vnic": true,
            "route_table_id": "ocid1.routetable.oc1.uk-london-1.aaaaaaaat5p3jjo5d6p6xzpmc73mxdvnreg5hyua6fr52tplxl6akifbjxra",
            "security_list_ids": [
              "ocid1.securitylist.oc1.uk-london-1.aaaaaaaarruksmbynj5kilrsrtpc2s67nnogvcqulctlm7774lohjlivpnvq"
            ],
            "state": "AVAILABLE",
            "subnet_domain_name": null,
            "time_created": "2025-06-26 18:44:09.504 +0000 UTC",
            "timeouts": null,
            "vcn_id": "ocid1.vcn.oc1.uk-london-1.amaaaaaawbkkgpqa2nwfe6z7h7ctmw4tkana6xg6qdco2s2z7fzyop4ex66a",
            "virtual_router_ip": "10.0.2.1",
            "virtual_router_mac": "00:00:17:42:B9:D2"
          },
          "sensitive_attributes": [],
          "identity_schema_version": 0,
          "private": "eyJlMmJmYjczMC1lY2FhLTExZTYtOGY4OC0zNDM2M2JjN2M0YzAiOnsiY3JlYXRlIjoxMjAwMDAwMDAwMDAwLCJkZWxldGUiOjEyMDAwMDAwMDAwMDAsInVwZGF0ZSI6MTIwMDAwMDAwMDAwMH19",
          "dependencies": [
            "oci_core_nat_gateway.nat",
            "oci_core_route_table.private_rt",
            "oci_core_security_list.sec_list",
            "oci_core_virtual_network.vcn"
          ]
        }
      ]
    },
    {
      "mode": "managed",
      "type": "oci_core_subnet",
      "name": "public_subnet",
      "provider": "provider[\"registry.terraform.io/oracle/oci\"]",
      "instances": [
        {
          "schema_version": 0,
          "attributes": {
            "availability_domain": "fGJS:UK-LONDON-1-AD-2",
            "cidr_block": "10.0.1.0/24",
            "compartment_id": "ocid1.tenancy.oc1..aaaaaaaaliearqd2xqtld66ub5bxn24dkeangasirqjsgucduzerqvgndaxa",
            "defined_tags": {
              "Oracle-Tags.CreatedBy": "default/vkattamudi88@gmail.com",
              "Oracle-Tags.CreatedOn": "2025-06-26T18:44:08.997Z"
            },
            "dhcp_options_id": "ocid1.dhcpoptions.oc1.uk-london-1.aaaaaaaaxir6a7df7feerezvxtbymqjyjsdomtnpr62pfx4jnlngs3w64e3a",
            "display_name": "public-subnet-demo",
            "dns_label": null,
            "freeform_tags": {},
            "id": "ocid1.subnet.oc1.uk-london-1.aaaaaaaaqenbpozez7tywbcxlgrad5ztrudxep6ltcncmympcd4gychshpda",
            "ipv6cidr_block": null,
            "ipv6cidr_blocks": [],
            "ipv6virtual_router_ip": null,
            "prohibit_internet_ingress": false,
            "prohibit_public_ip_on_vnic": false,
            "route_table_id": "ocid1.routetable.oc1.uk-london-1.aaaaaaaaxmanll5flg6dtqeq5yu5eo6ol7oqhoi2zkul35kwmogvqrf27viq",
            "security_list_ids": [
              "ocid1.securitylist.oc1.uk-london-1.aaaaaaaarruksmbynj5kilrsrtpc2s67nnogvcqulctlm7774lohjlivpnvq"
            ],
            "state": "AVAILABLE",
            "subnet_domain_name": null,
            "time_created": "2025-06-26 18:44:09.027 +0000 UTC",
            "timeouts": null,
            "vcn_id": "ocid1.vcn.oc1.uk-london-1.amaaaaaawbkkgpqa2nwfe6z7h7ctmw4tkana6xg6qdco2s2z7fzyop4ex66a",
            "virtual_router_ip": "10.0.1.1",
            "virtual_router_mac": "00:00:17:42:B9:D2"
          },
          "sensitive_attributes": [],
          "identity_schema_version": 0,
          "private": "eyJlMmJmYjczMC1lY2FhLTExZTYtOGY4OC0zNDM2M2JjN2M0YzAiOnsiY3JlYXRlIjoxMjAwMDAwMDAwMDAwLCJkZWxldGUiOjEyMDAwMDAwMDAwMDAsInVwZGF0ZSI6MTIwMDAwMDAwMDAwMH19",
          "dependencies": [
            "oci_core_internet_gateway.igw",
            "oci_core_route_table.rt",
            "oci_core_security_list.sec_list",
            "oci_core_virtual_network.vcn"
          ]
        }
      ]
    },
    {
      "mode": "managed",
      "type": "oci_core_virtual_network",
      "name": "vcn",
      "provider": "provider[\"registry.terraform.io/oracle/oci\"]",
      "instances": [
        {
          "schema_version": 0,
          "attributes": {
            "byoipv6cidr_blocks": [],
            "byoipv6cidr_details": null,
            "cidr_block": "10.0.0.0/16",
            "cidr_blocks": [
              "10.0.0.0/16"
            ],
            "compartment_id": "ocid1.tenancy.oc1..aaaaaaaaliearqd2xqtld66ub5bxn24dkeangasirqjsgucduzerqvgndaxa",
            "default_dhcp_options_id": "ocid1.dhcpoptions.oc1.uk-london-1.aaaaaaaaxir6a7df7feerezvxtbymqjyjsdomtnpr62pfx4jnlngs3w64e3a",
            "default_route_table_id": "ocid1.routetable.oc1.uk-london-1.aaaaaaaavuokdrtipssttlyorp5o3j42bte62ijvxvt3ojp5wwecnayfyyba",
            "default_security_list_id": "ocid1.securitylist.oc1.uk-london-1.aaaaaaaapl223tqxk5ymuvloesqbppjqjxfieqnjrfeomdezxx4zsbawpd7q",
            "defined_tags": {
              "Oracle-Tags.CreatedBy": "default/vkattamudi88@gmail.com",
              "Oracle-Tags.CreatedOn": "2025-06-26T18:44:07.262Z"
            },
            "display_name": "vcn-demo",
            "dns_label": null,
            "freeform_tags": {},
            "id": "ocid1.vcn.oc1.uk-london-1.amaaaaaawbkkgpqa2nwfe6z7h7ctmw4tkana6xg6qdco2s2z7fzyop4ex66a",
            "ipv6cidr_blocks": [],
            "ipv6private_cidr_blocks": [],
            "is_ipv6enabled": false,
            "is_oracle_gua_allocation_enabled": null,
            "security_attributes": {},
            "state": "AVAILABLE",
            "time_created": "2025-06-26 18:44:07.324 +0000 UTC",
            "timeouts": null,
            "vcn_domain_name": null
          },
          "sensitive_attributes": [],
          "identity_schema_version": 0,
          "private": "eyJlMmJmYjczMC1lY2FhLTExZTYtOGY4OC0zNDM2M2JjN2M0YzAiOnsiY3JlYXRlIjoxMjAwMDAwMDAwMDAwLCJkZWxldGUiOjEyMDAwMDAwMDAwMDAsInVwZGF0ZSI6MTIwMDAwMDAwMDAwMH19"
        }
      ]
    },
    {
      "mode": "managed",
      "type": "oci_objectstorage_bucket",
      "name": "my_bucket",
      "provider": "provider[\"registry.terraform.io/oracle/oci\"]",
      "instances": [
        {
          "schema_version": 0,
          "attributes": {
            "access_type": "NoPublicAccess",
            "approximate_count": "0",
            "approximate_size": "0",
            "auto_tiering": "Disabled",
            "bucket_id": "ocid1.bucket.oc1.uk-london-1.aaaaaaaaipas3324yzfevpchefrriupw2cj4m77akoxbxiqbj3wt74qndnba",
            "compartment_id": "ocid1.tenancy.oc1..aaaaaaaaliearqd2xqtld66ub5bxn24dkeangasirqjsgucduzerqvgndaxa",
            "created_by": "ocid1.user.oc1..aaaaaaaaqwhixay7327ihqo44z6eb6gf72uhs4p4k7dthkjgkb5lolruk57a",
            "defined_tags": {
              "Oracle-Tags.CreatedBy": "default/vkattamudi88@gmail.com",
              "Oracle-Tags.CreatedOn": "2025-06-26T18:44:07.269Z"
            },
            "etag": "c09cd11f-e7b8-4ea7-8cb7-7c419df0336d",
            "freeform_tags": {},
            "id": "n/lrfakfuzhnu1/b/my-terraform-bucket-demo",
            "is_read_only": false,
            "kms_key_id": null,
            "metadata": null,
            "name": "my-terraform-bucket-demo",
            "namespace": "lrfakfuzhnu1",
            "object_events_enabled": false,
            "object_lifecycle_policy_etag": null,
            "replication_enabled": false,
            "retention_rules": [],
            "storage_tier": "Standard",
            "time_created": "2025-06-26 18:44:07.281 +0000 UTC",
            "timeouts": null,
            "versioning": "Disabled"
          },
          "sensitive_attributes": [],
          "identity_schema_version": 0,
          "private": "eyJlMmJmYjczMC1lY2FhLTExZTYtOGY4OC0zNDM2M2JjN2M0YzAiOnsiY3JlYXRlIjoxMjAwMDAwMDAwMDAwLCJkZWxldGUiOjEyMDAwMDAwMDAwMDAsInVwZGF0ZSI6MTIwMDAwMDAwMDAwMH19",
          "dependencies": [
            "data.oci_objectstorage_namespace.ns"
          ]
        }
      ]
    }
  ],
  "check_results": null
}
